// !$*UTF8*$!
{
	archiveVersion = 1;
	classes = {
	};
	objectVersion = 56;
	objects = {

/* Begin PBXBuildFile section */
		2541CB822C447CC9007A8919 /* SpotifyLyricsShareApp.swift in Sources */ = {isa = PBXBuildFile; fileRef = 2541CB812C447CC9007A8919 /* SpotifyLyricsShareApp.swift */; };
		2541CB842C447CC9007A8919 /* ContentView.swift in Sources */ = {isa = PBXBuildFile; fileRef = 2541CB832C447CC9007A8919 /* ContentView.swift */; };
		2541CB862C447CCC007A8919 /* Assets.xcassets in Resources */ = {isa = PBXBuildFile; fileRef = 2541CB852C447CCC007A8919 /* Assets.xcassets */; };
		2541CB892C447CCC007A8919 /* Preview Assets.xcassets in Resources */ = {isa = PBXBuildFile; fileRef = 2541CB882C447CCC007A8919 /* Preview Assets.xcassets */; };
		2541CB902C447E9F007A8919 /* LyricsShareableView.swift in Sources */ = {isa = PBXBuildFile; fileRef = 2541CB8F2C447E9F007A8919 /* LyricsShareableView.swift */; };
		2541CB932C447EC2007A8919 /* LyricsShareableViewModel.swift in Sources */ = {isa = PBXBuildFile; fileRef = 2541CB922C447EC2007A8919 /* LyricsShareableViewModel.swift */; };
		2541CB952C4482BE007A8919 /* LyricsShareableModel.swift in Sources */ = {isa = PBXBuildFile; fileRef = 2541CB942C4482BE007A8919 /* LyricsShareableModel.swift */; };
		2541CB972C4483E3007A8919 /* lyrics.json in Resources */ = {isa = PBXBuildFile; fileRef = 2541CB962C4483E3007A8919 /* lyrics.json */; };
		2541CB992C457E5E007A8919 /* LyricsListView.swift in Sources */ = {isa = PBXBuildFile; fileRef = 2541CB982C457E5E007A8919 /* LyricsListView.swift */; };
		2541CB9C2C458100007A8919 /* LyricsListViewModel.swift in Sources */ = {isa = PBXBuildFile; fileRef = 2541CB9B2C458100007A8919 /* LyricsListViewModel.swift */; };
/* End PBXBuildFile section */

/* Begin PBXFileReference section */
		2541CB7E2C447CC9007A8919 /* SpotifyLyricsShare.app */ = {isa = PBXFileReference; explicitFileType = wrapper.application; includeInIndex = 0; path = SpotifyLyricsShare.app; sourceTree = BUILT_PRODUCTS_DIR; };
		2541CB812C447CC9007A8919 /* SpotifyLyricsShareApp.swift */ = {isa = PBXFileReference; lastKnownFileType = sourcecode.swift; path = SpotifyLyricsShareApp.swift; sourceTree = "<group>"; };
		2541CB832C447CC9007A8919 /* ContentView.swift */ = {isa = PBXFileReference; lastKnownFileType = sourcecode.swift; path = ContentView.swift; sourceTree = "<group>"; };
		2541CB852C447CCC007A8919 /* Assets.xcassets */ = {isa = PBXFileReference; lastKnownFileType = folder.assetcatalog; path = Assets.xcassets; sourceTree = "<group>"; };
		2541CB882C447CCC007A8919 /* Preview Assets.xcassets */ = {isa = PBXFileReference; lastKnownFileType = folder.assetcatalog; path = "Preview Assets.xcassets"; sourceTree = "<group>"; };
		2541CB8F2C447E9F007A8919 /* LyricsShareableView.swift */ = {isa = PBXFileReference; lastKnownFileType = sourcecode.swift; path = LyricsShareableView.swift; sourceTree = "<group>"; };
		2541CB922C447EC2007A8919 /* LyricsShareableViewModel.swift */ = {isa = PBXFileReference; lastKnownFileType = sourcecode.swift; path = LyricsShareableViewModel.swift; sourceTree = "<group>"; };
		2541CB942C4482BE007A8919 /* LyricsShareableModel.swift */ = {isa = PBXFileReference; lastKnownFileType = sourcecode.swift; path = LyricsShareableModel.swift; sourceTree = "<group>"; };
		2541CB962C4483E3007A8919 /* lyrics.json */ = {isa = PBXFileReference; lastKnownFileType = text.json; path = lyrics.json; sourceTree = "<group>"; };
		2541CB982C457E5E007A8919 /* LyricsListView.swift */ = {isa = PBXFileReference; lastKnownFileType = sourcecode.swift; path = LyricsListView.swift; sourceTree = "<group>"; };
		2541CB9B2C458100007A8919 /* LyricsListViewModel.swift */ = {isa = PBXFileReference; lastKnownFileType = sourcecode.swift; path = LyricsListViewModel.swift; sourceTree = "<group>"; };
/* End PBXFileReference section */

/* Begin PBXFrameworksBuildPhase section */
		2541CB7B2C447CC9007A8919 /* Frameworks */ = {
			isa = PBXFrameworksBuildPhase;
			buildActionMask = 2147483647;
			files = (
			);
			runOnlyForDeploymentPostprocessing = 0;
		};
/* End PBXFrameworksBuildPhase section */

/* Begin PBXGroup section */
		2541CB752C447CC9007A8919 = {
			isa = PBXGroup;
			children = (
				2541CB802C447CC9007A8919 /* SpotifyLyricsShare */,
				2541CB7F2C447CC9007A8919 /* Products */,
			);
			sourceTree = "<group>";
		};
		2541CB7F2C447CC9007A8919 /* Products */ = {
			isa = PBXGroup;
			children = (
				2541CB7E2C447CC9007A8919 /* SpotifyLyricsShare.app */,
			);
			name = Products;
			sourceTree = "<group>";
		};
		2541CB802C447CC9007A8919 /* SpotifyLyricsShare */ = {
			isa = PBXGroup;
			children = (
				2541CB812C447CC9007A8919 /* SpotifyLyricsShareApp.swift */,
				2541CB832C447CC9007A8919 /* ContentView.swift */,
				2541CB852C447CCC007A8919 /* Assets.xcassets */,
				2541CB872C447CCC007A8919 /* Preview Content */,
				2541CB912C447EAA007A8919 /* LyricsShareable */,
				2541CB962C4483E3007A8919 /* lyrics.json */,
				2541CB9A2C457E64007A8919 /* LyricsList */,
			);
			path = SpotifyLyricsShare;
			sourceTree = "<group>";
		};
		2541CB872C447CCC007A8919 /* Preview Content */ = {
			isa = PBXGroup;
			children = (
				2541CB882C447CCC007A8919 /* Preview Assets.xcassets */,
			);
			path = "Preview Content";
			sourceTree = "<group>";
		};
		2541CB912C447EAA007A8919 /* LyricsShareable */ = {
			isa = PBXGroup;
			children = (
				2541CB8F2C447E9F007A8919 /* LyricsShareableView.swift */,
				2541CB922C447EC2007A8919 /* LyricsShareableViewModel.swift */,
				2541CB942C4482BE007A8919 /* LyricsShareableModel.swift */,
			);
			path = LyricsShareable;
			sourceTree = "<group>";
		};
		2541CB9A2C457E64007A8919 /* LyricsList */ = {
			isa = PBXGroup;
			children = (
				2541CB982C457E5E007A8919 /* LyricsListView.swift */,
				2541CB9B2C458100007A8919 /* LyricsListViewModel.swift */,
			);
			path = LyricsList;
			sourceTree = "<group>";
		};
/* End PBXGroup section */

/* Begin PBXNativeTarget section */
		2541CB7D2C447CC9007A8919 /* SpotifyLyricsShare */ = {
			isa = PBXNativeTarget;
			buildConfigurationList = 2541CB8C2C447CCC007A8919 /* Build configuration list for PBXNativeTarget "SpotifyLyricsShare" */;
			buildPhases = (
				2541CB7A2C447CC9007A8919 /* Sources */,
				2541CB7B2C447CC9007A8919 /* Frameworks */,
				2541CB7C2C447CC9007A8919 /* Resources */,
			);
			buildRules = (
			);
			dependencies = (
			);
			name = SpotifyLyricsShare;
			productName = SpotifyLyricsShare;
			productReference = 2541CB7E2C447CC9007A8919 /* SpotifyLyricsShare.app */;
			productType = "com.apple.product-type.application";
		};
/* End PBXNativeTarget section */

/* Begin PBXProject section */
		2541CB762C447CC9007A8919 /* Project object */ = {
			isa = PBXProject;
			attributes = {
				BuildIndependentTargetsInParallel = 1;
				LastSwiftUpdateCheck = 1540;
				LastUpgradeCheck = 1540;
				TargetAttributes = {
					2541CB7D2C447CC9007A8919 = {
						CreatedOnToolsVersion = 15.4;
					};
				};
			};
			buildConfigurationList = 2541CB792C447CC9007A8919 /* Build configuration list for PBXProject "SpotifyLyricsShare" */;
			compatibilityVersion = "Xcode 14.0";
			developmentRegion = en;
			hasScannedForEncodings = 0;
			knownRegions = (
				en,
				Base,
			);
			mainGroup = 2541CB752C447CC9007A8919;
			productRefGroup = 2541CB7F2C447CC9007A8919 /* Products */;
			projectDirPath = "";
			projectRoot = "";
			targets = (
				2541CB7D2C447CC9007A8919 /* SpotifyLyricsShare */,
			);
		};
/* End PBXProject section */

/* Begin PBXResourcesBuildPhase section */
		2541CB7C2C447CC9007A8919 /* Resources */ = {
			isa = PBXResourcesBuildPhase;
			buildActionMask = 2147483647;
			files = (
				2541CB972C4483E3007A8919 /* lyrics.json in Resources */,
				2541CB892C447CCC007A8919 /* Preview Assets.xcassets in Resources */,
				2541CB862C447CCC007A8919 /* Assets.xcassets in Resources */,
			);
			runOnlyForDeploymentPostprocessing = 0;
		};
/* End PBXResourcesBuildPhase section */

/* Begin PBXSourcesBuildPhase section */
		2541CB7A2C447CC9007A8919 /* Sources */ = {
			isa = PBXSourcesBuildPhase;
			buildActionMask = 2147483647;
			files = (
				2541CB842C447CC9007A8919 /* ContentView.swift in Sources */,
				2541CB952C4482BE007A8919 /* LyricsShareableModel.swift in Sources */,
				2541CB9C2C458100007A8919 /* LyricsListViewModel.swift in Sources */,
				2541CB992C457E5E007A8919 /* LyricsListView.swift in Sources */,
				2541CB902C447E9F007A8919 /* LyricsShareableView.swift in Sources */,
				2541CB932C447EC2007A8919 /* LyricsShareableViewModel.swift in Sources */,
				2541CB822C447CC9007A8919 /* SpotifyLyricsShareApp.swift in Sources */,
			);
			runOnlyForDeploymentPostprocessing = 0;
		};
/* End PBXSourcesBuildPhase section */

/* Begin XCBuildConfiguration section */
		2541CB8A2C447CCC007A8919 /* Debug */ = {
			isa = XCBuildConfiguration;
			buildSettings = {
				ALWAYS_SEARCH_USER_PATHS = NO;
				ASSETCATALOG_COMPILER_GENERATE_SWIFT_ASSET_SYMBOL_EXTENSIONS = YES;
				CLANG_ANALYZER_NONNULL = YES;
				CLANG_ANALYZER_NUMBER_OBJECT_CONVERSION = YES_AGGRESSIVE;
				CLANG_CXX_LANGUAGE_STANDARD = "gnu++20";
				CLANG_ENABLE_MODULES = YES;
				CLANG_ENABLE_OBJC_ARC = YES;
				CLANG_ENABLE_OBJC_WEAK = YES;
				CLANG_WARN_BLOCK_CAPTURE_AUTORELEASING = YES;
				CLANG_WARN_BOOL_CONVERSION = YES;
				CLANG_WARN_COMMA = YES;
				CLANG_WARN_CONSTANT_CONVERSION = YES;
				CLANG_WARN_DEPRECATED_OBJC_IMPLEMENTATIONS = YES;
				CLANG_WARN_DIRECT_OBJC_ISA_USAGE = YES_ERROR;
				CLANG_WARN_DOCUMENTATION_COMMENTS = YES;
				CLANG_WARN_EMPTY_BODY = YES;
				CLANG_WARN_ENUM_CONVERSION = YES;
				CLANG_WARN_INFINITE_RECURSION = YES;
				CLANG_WARN_INT_CONVERSION = YES;
				CLANG_WARN_NON_LITERAL_NULL_CONVERSION = YES;
				CLANG_WARN_OBJC_IMPLICIT_RETAIN_SELF = YES;
				CLANG_WARN_OBJC_LITERAL_CONVERSION = YES;
				CLANG_WARN_OBJC_ROOT_CLASS = YES_ERROR;
				CLANG_WARN_QUOTED_INCLUDE_IN_FRAMEWORK_HEADER = YES;
				CLANG_WARN_RANGE_LOOP_ANALYSIS = YES;
				CLANG_WARN_STRICT_PROTOTYPES = YES;
				CLANG_WARN_SUSPICIOUS_MOVE = YES;
				CLANG_WARN_UNGUARDED_AVAILABILITY = YES_AGGRESSIVE;
				CLANG_WARN_UNREACHABLE_CODE = YES;
				CLANG_WARN__DUPLICATE_METHOD_MATCH = YES;
				COPY_PHASE_STRIP = NO;
				DEBUG_INFORMATION_FORMAT = dwarf;
				ENABLE_STRICT_OBJC_MSGSEND = YES;
				ENABLE_TESTABILITY = YES;
				ENABLE_USER_SCRIPT_SANDBOXING = YES;
				GCC_C_LANGUAGE_STANDARD = gnu17;
				GCC_DYNAMIC_NO_PIC = NO;
				GCC_NO_COMMON_BLOCKS = YES;
				GCC_OPTIMIZATION_LEVEL = 0;
				GCC_PREPROCESSOR_DEFINITIONS = (
					"DEBUG=1",
					"$(inherited)",
				);
				GCC_WARN_64_TO_32_BIT_CONVERSION = YES;
				GCC_WARN_ABOUT_RETURN_TYPE = YES_ERROR;
				GCC_WARN_UNDECLARED_SELECTOR = YES;
				GCC_WARN_UNINITIALIZED_AUTOS = YES_AGGRESSIVE;
				GCC_WARN_UNUSED_FUNCTION = YES;
				GCC_WARN_UNUSED_VARIABLE = YES;
				IPHONEOS_DEPLOYMENT_TARGET = 17.5;
				LOCALIZATION_PREFERS_STRING_CATALOGS = YES;
				MTL_ENABLE_DEBUG_INFO = INCLUDE_SOURCE;
				MTL_FAST_MATH = YES;
				ONLY_ACTIVE_ARCH = YES;
				SDKROOT = iphoneos;
				SWIFT_ACTIVE_COMPILATION_CONDITIONS = "DEBUG $(inherited)";
				SWIFT_OPTIMIZATION_LEVEL = "-Onone";
			};
			name = Debug;
		};
		2541CB8B2C447CCC007A8919 /* Release */ = {
			isa = XCBuildConfiguration;
			buildSettings = {
				ALWAYS_SEARCH_USER_PATHS = NO;
				ASSETCATALOG_COMPILER_GENERATE_SWIFT_ASSET_SYMBOL_EXTENSIONS = YES;
				CLANG_ANALYZER_NONNULL = YES;
				CLANG_ANALYZER_NUMBER_OBJECT_CONVERSION = YES_AGGRESSIVE;
				CLANG_CXX_LANGUAGE_STANDARD = "gnu++20";
				CLANG_ENABLE_MODULES = YES;
				CLANG_ENABLE_OBJC_ARC = YES;
				CLANG_ENABLE_OBJC_WEAK = YES;
				CLANG_WARN_BLOCK_CAPTURE_AUTORELEASING = YES;
				CLANG_WARN_BOOL_CONVERSION = YES;
				CLANG_WARN_COMMA = YES;
				CLANG_WARN_CONSTANT_CONVERSION = YES;
				CLANG_WARN_DEPRECATED_OBJC_IMPLEMENTATIONS = YES;
				CLANG_WARN_DIRECT_OBJC_ISA_USAGE = YES_ERROR;
				CLANG_WARN_DOCUMENTATION_COMMENTS = YES;
				CLANG_WARN_EMPTY_BODY = YES;
				CLANG_WARN_ENUM_CONVERSION = YES;
				CLANG_WARN_INFINITE_RECURSION = YES;
				CLANG_WARN_INT_CONVERSION = YES;
				CLANG_WARN_NON_LITERAL_NULL_CONVERSION = YES;
				CLANG_WARN_OBJC_IMPLICIT_RETAIN_SELF = YES;
				CLANG_WARN_OBJC_LITERAL_CONVERSION = YES;
				CLANG_WARN_OBJC_ROOT_CLASS = YES_ERROR;
				CLANG_WARN_QUOTED_INCLUDE_IN_FRAMEWORK_HEADER = YES;
				CLANG_WARN_RANGE_LOOP_ANALYSIS = YES;
				CLANG_WARN_STRICT_PROTOTYPES = YES;
				CLANG_WARN_SUSPICIOUS_MOVE = YES;
				CLANG_WARN_UNGUARDED_AVAILABILITY = YES_AGGRESSIVE;
				CLANG_WARN_UNREACHABLE_CODE = YES;
				CLANG_WARN__DUPLICATE_METHOD_MATCH = YES;
				COPY_PHASE_STRIP = NO;
				DEBUG_INFORMATION_FORMAT = "dwarf-with-dsym";
				ENABLE_NS_ASSERTIONS = NO;
				ENABLE_STRICT_OBJC_MSGSEND = YES;
				ENABLE_USER_SCRIPT_SANDBOXING = YES;
				GCC_C_LANGUAGE_STANDARD = gnu17;
				GCC_NO_COMMON_BLOCKS = YES;
				GCC_WARN_64_TO_32_BIT_CONVERSION = YES;
				GCC_WARN_ABOUT_RETURN_TYPE = YES_ERROR;
				GCC_WARN_UNDECLARED_SELECTOR = YES;
				GCC_WARN_UNINITIALIZED_AUTOS = YES_AGGRESSIVE;
				GCC_WARN_UNUSED_FUNCTION = YES;
				GCC_WARN_UNUSED_VARIABLE = YES;
				IPHONEOS_DEPLOYMENT_TARGET = 17.5;
				LOCALIZATION_PREFERS_STRING_CATALOGS = YES;
				MTL_ENABLE_DEBUG_INFO = NO;
				MTL_FAST_MATH = YES;
				SDKROOT = iphoneos;
				SWIFT_COMPILATION_MODE = wholemodule;
				VALIDATE_PRODUCT = YES;
			};
			name = Release;
		};
		2541CB8D2C447CCC007A8919 /* Debug */ = {
			isa = XCBuildConfiguration;
			buildSettings = {
				ASSETCATALOG_COMPILER_APPICON_NAME = AppIcon;
				ASSETCATALOG_COMPILER_GLOBAL_ACCENT_COLOR_NAME = AccentColor;
				CODE_SIGN_IDENTITY = "Apple Development";
				CODE_SIGN_STYLE = Automatic;
				CURRENT_PROJECT_VERSION = 1;
				DEVELOPMENT_ASSET_PATHS = "\"SpotifyLyricsShare/Preview Content\"";
				DEVELOPMENT_TEAM = X3LVN9L2ZX;
				ENABLE_PREVIEWS = YES;
				GENERATE_INFOPLIST_FILE = YES;
				INFOPLIST_KEY_UIApplicationSceneManifest_Generation = YES;
				INFOPLIST_KEY_UIApplicationSupportsIndirectInputEvents = YES;
				INFOPLIST_KEY_UILaunchScreen_Generation = YES;
				INFOPLIST_KEY_UILaunchStoryboardName = "";
				INFOPLIST_KEY_UISupportedInterfaceOrientations_iPad = "UIInterfaceOrientationPortrait UIInterfaceOrientationPortraitUpsideDown UIInterfaceOrientationLandscapeLeft UIInterfaceOrientationLandscapeRight";
				INFOPLIST_KEY_UISupportedInterfaceOrientations_iPhone = "UIInterfaceOrientationPortrait UIInterfaceOrientationLandscapeLeft UIInterfaceOrientationLandscapeRight";
				LD_RUNPATH_SEARCH_PATHS = (
					"$(inherited)",
					"@executable_path/Frameworks",
				);
				MARKETING_VERSION = 1.0;
				PRODUCT_BUNDLE_IDENTIFIER = saptest.SpotifyLyricsShare;
				PRODUCT_NAME = "$(TARGET_NAME)";
				PROVISIONING_PROFILE_SPECIFIER = "";
				SWIFT_EMIT_LOC_STRINGS = YES;
				SWIFT_VERSION = 5.0;
				TARGETED_DEVICE_FAMILY = "1,2";
			};
			name = Debug;
		};
		2541CB8E2C447CCC007A8919 /* Release */ = {
			isa = XCBuildConfiguration;
			buildSettings = {
				ASSETCATALOG_COMPILER_APPICON_NAME = AppIcon;
				ASSETCATALOG_COMPILER_GLOBAL_ACCENT_COLOR_NAME = AccentColor;
				CODE_SIGN_IDENTITY = "Apple Development";
				CODE_SIGN_STYLE = Automatic;
				CURRENT_PROJECT_VERSION = 1;
				DEVELOPMENT_ASSET_PATHS = "\"SpotifyLyricsShare/Preview Content\"";
				DEVELOPMENT_TEAM = X3LVN9L2ZX;
				ENABLE_PREVIEWS = YES;
				GENERATE_INFOPLIST_FILE = YES;
				INFOPLIST_KEY_UIApplicationSceneManifest_Generation = YES;
				INFOPLIST_KEY_UIApplicationSupportsIndirectInputEvents = YES;
				INFOPLIST_KEY_UILaunchScreen_Generation = YES;
				INFOPLIST_KEY_UILaunchStoryboardName = "";
				INFOPLIST_KEY_UISupportedInterfaceOrientations_iPad = "UIInterfaceOrientationPortrait UIInterfaceOrientationPortraitUpsideDown UIInterfaceOrientationLandscapeLeft UIInterfaceOrientationLandscapeRight";
				INFOPLIST_KEY_UISupportedInterfaceOrientations_iPhone = "UIInterfaceOrientationPortrait UIInterfaceOrientationLandscapeLeft UIInterfaceOrientationLandscapeRight";
				LD_RUNPATH_SEARCH_PATHS = (
					"$(inherited)",
					"@executable_path/Frameworks",
				);
				MARKETING_VERSION = 1.0;
				PRODUCT_BUNDLE_IDENTIFIER = saptest.SpotifyLyricsShare;
				PRODUCT_NAME = "$(TARGET_NAME)";
				PROVISIONING_PROFILE_SPECIFIER = "";
				SWIFT_EMIT_LOC_STRINGS = YES;
				SWIFT_VERSION = 5.0;
				TARGETED_DEVICE_FAMILY = "1,2";
			};
			name = Release;
		};
/* End XCBuildConfiguration section */

/* Begin XCConfigurationList section */
		2541CB792C447CC9007A8919 /* Build configuration list for PBXProject "SpotifyLyricsShare" */ = {
			isa = XCConfigurationList;
			buildConfigurations = (
				2541CB8A2C447CCC007A8919 /* Debug */,
				2541CB8B2C447CCC007A8919 /* Release */,
			);
			defaultConfigurationIsVisible = 0;
			defaultConfigurationName = Release;
		};
		2541CB8C2C447CCC007A8919 /* Build configuration list for PBXNativeTarget "SpotifyLyricsShare" */ = {
			isa = XCConfigurationList;
			buildConfigurations = (
				2541CB8D2C447CCC007A8919 /* Debug */,
				2541CB8E2C447CCC007A8919 /* Release */,
			);
			defaultConfigurationIsVisible = 0;
			defaultConfigurationName = Release;
		};
/* End XCConfigurationList section */
	};
	rootObject = 2541CB762C447CC9007A8919 /* Project object */;
}
